// !$*UTF8*$!
{
	archiveVersion = 1;
	classes = {
	};
	objectVersion = 46;
	objects = {

/* Begin PBXBuildFile section */
		6D88444FD43B94BA0788686E /* Pods_MovieViewer.framework in Frameworks */ = {isa = PBXBuildFile; fileRef = 052608689D253BC305778D0C /* Pods_MovieViewer.framework */; };
		CD1B05CE1C6841C300DB798F /* DetailViewController.swift in Sources */ = {isa = PBXBuildFile; fileRef = CD1B05CD1C6841C300DB798F /* DetailViewController.swift */; };
		CD3C48561C571234003F5E3E /* MovieCell.swift in Sources */ = {isa = PBXBuildFile; fileRef = CD3C48551C571234003F5E3E /* MovieCell.swift */; };
		CD92FC401C570C8400366641 /* AppDelegate.swift in Sources */ = {isa = PBXBuildFile; fileRef = CD92FC3F1C570C8400366641 /* AppDelegate.swift */; };
		CD92FC451C570C8400366641 /* Main.storyboard in Resources */ = {isa = PBXBuildFile; fileRef = CD92FC431C570C8400366641 /* Main.storyboard */; };
		CD92FC471C570C8400366641 /* Assets.xcassets in Resources */ = {isa = PBXBuildFile; fileRef = CD92FC461C570C8400366641 /* Assets.xcassets */; };
		CD92FC4A1C570C8400366641 /* LaunchScreen.storyboard in Resources */ = {isa = PBXBuildFile; fileRef = CD92FC481C570C8400366641 /* LaunchScreen.storyboard */; };
		CD92FC521C570CED00366641 /* MoviesViewController.swift in Sources */ = {isa = PBXBuildFile; fileRef = CD92FC511C570CED00366641 /* MoviesViewController.swift */; };
/* End PBXBuildFile section */

/* Begin PBXFileReference section */
		025FF3A20D0206C4A7EF0F4B /* Pods-MovieViewer.debug.xcconfig */ = {isa = PBXFileReference; includeInIndex = 1; lastKnownFileType = text.xcconfig; name = "Pods-MovieViewer.debug.xcconfig"; path = "Pods/Target Support Files/Pods-MovieViewer/Pods-MovieViewer.debug.xcconfig"; sourceTree = "<group>"; };
		052608689D253BC305778D0C /* Pods_MovieViewer.framework */ = {isa = PBXFileReference; explicitFileType = wrapper.framework; includeInIndex = 0; path = Pods_MovieViewer.framework; sourceTree = BUILT_PRODUCTS_DIR; };
		CD1B05CD1C6841C300DB798F /* DetailViewController.swift */ = {isa = PBXFileReference; fileEncoding = 4; lastKnownFileType = sourcecode.swift; path = DetailViewController.swift; sourceTree = "<group>"; };
		CD3C48551C571234003F5E3E /* MovieCell.swift */ = {isa = PBXFileReference; fileEncoding = 4; lastKnownFileType = sourcecode.swift; path = MovieCell.swift; sourceTree = "<group>"; };
		CD92FC3C1C570C8400366641 /* MovieViewer.app */ = {isa = PBXFileReference; explicitFileType = wrapper.application; includeInIndex = 0; path = MovieViewer.app; sourceTree = BUILT_PRODUCTS_DIR; };
		CD92FC3F1C570C8400366641 /* AppDelegate.swift */ = {isa = PBXFileReference; lastKnownFileType = sourcecode.swift; path = AppDelegate.swift; sourceTree = "<group>"; };
		CD92FC441C570C8400366641 /* Base */ = {isa = PBXFileReference; lastKnownFileType = file.storyboard; name = Base; path = Base.lproj/Main.storyboard; sourceTree = "<group>"; };
		CD92FC461C570C8400366641 /* Assets.xcassets */ = {isa = PBXFileReference; lastKnownFileType = folder.assetcatalog; path = Assets.xcassets; sourceTree = "<group>"; };
		CD92FC491C570C8400366641 /* Base */ = {isa = PBXFileReference; lastKnownFileType = file.storyboard; name = Base; path = Base.lproj/LaunchScreen.storyboard; sourceTree = "<group>"; };
		CD92FC4B1C570C8400366641 /* Info.plist */ = {isa = PBXFileReference; lastKnownFileType = text.plist.xml; path = Info.plist; sourceTree = "<group>"; };
		CD92FC511C570CED00366641 /* MoviesViewController.swift */ = {isa = PBXFileReference; fileEncoding = 4; lastKnownFileType = sourcecode.swift; path = MoviesViewController.swift; sourceTree = "<group>"; };
		CDA397A75F46F87A52308786 /* Pods-MovieViewer.release.xcconfig */ = {isa = PBXFileReference; includeInIndex = 1; lastKnownFileType = text.xcconfig; name = "Pods-MovieViewer.release.xcconfig"; path = "Pods/Target Support Files/Pods-MovieViewer/Pods-MovieViewer.release.xcconfig"; sourceTree = "<group>"; };
/* End PBXFileReference section */

/* Begin PBXFrameworksBuildPhase section */
		CD92FC391C570C8400366641 /* Frameworks */ = {
			isa = PBXFrameworksBuildPhase;
			buildActionMask = 2147483647;
			files = (
				6D88444FD43B94BA0788686E /* Pods_MovieViewer.framework in Frameworks */,
			);
			runOnlyForDeploymentPostprocessing = 0;
		};
/* End PBXFrameworksBuildPhase section */

/* Begin PBXGroup section */
		34F3657E250D75E3AF314A4A /* Frameworks */ = {
			isa = PBXGroup;
			children = (
				052608689D253BC305778D0C /* Pods_MovieViewer.framework */,
			);
			name = Frameworks;
			sourceTree = "<group>";
		};
		8093843764F44EECD10F3D57 /* Pods */ = {
			isa = PBXGroup;
			children = (
				025FF3A20D0206C4A7EF0F4B /* Pods-MovieViewer.debug.xcconfig */,
				CDA397A75F46F87A52308786 /* Pods-MovieViewer.release.xcconfig */,
			);
			name = Pods;
			sourceTree = "<group>";
		};
		CD3C48541C571219003F5E3E /* Views */ = {
			isa = PBXGroup;
			children = (
				CD3C48551C571234003F5E3E /* MovieCell.swift */,
			);
			name = Views;
			sourceTree = "<group>";
		};
		CD3C48571C57123A003F5E3E /* view controllers */ = {
			isa = PBXGroup;
			children = (
				CD92FC511C570CED00366641 /* MoviesViewController.swift */,
				CD1B05CD1C6841C300DB798F /* DetailViewController.swift */,
			);
			name = "view controllers";
			sourceTree = "<group>";
		};
		CD92FC331C570C8400366641 = {
			isa = PBXGroup;
			children = (
				CD92FC3E1C570C8400366641 /* MovieViewer */,
				CD92FC3D1C570C8400366641 /* Products */,
				8093843764F44EECD10F3D57 /* Pods */,
				34F3657E250D75E3AF314A4A /* Frameworks */,
			);
			sourceTree = "<group>";
		};
		CD92FC3D1C570C8400366641 /* Products */ = {
			isa = PBXGroup;
			children = (
				CD92FC3C1C570C8400366641 /* MovieViewer.app */,
			);
			name = Products;
			sourceTree = "<group>";
		};
		CD92FC3E1C570C8400366641 /* MovieViewer */ = {
			isa = PBXGroup;
			children = (
				CD3C48571C57123A003F5E3E /* view controllers */,
				CD3C48541C571219003F5E3E /* Views */,
				CD92FC3F1C570C8400366641 /* AppDelegate.swift */,
				CD92FC431C570C8400366641 /* Main.storyboard */,
				CD92FC461C570C8400366641 /* Assets.xcassets */,
				CD92FC481C570C8400366641 /* LaunchScreen.storyboard */,
				CD92FC4B1C570C8400366641 /* Info.plist */,
			);
			path = MovieViewer;
			sourceTree = "<group>";
		};
/* End PBXGroup section */

/* Begin PBXNativeTarget section */
		CD92FC3B1C570C8400366641 /* MovieViewer */ = {
			isa = PBXNativeTarget;
			buildConfigurationList = CD92FC4E1C570C8400366641 /* Build configuration list for PBXNativeTarget "MovieViewer" */;
			buildPhases = (
				3AFFF5534CC864EF2D3986BB /* Check Pods Manifest.lock */,
				CD92FC381C570C8400366641 /* Sources */,
				CD92FC391C570C8400366641 /* Frameworks */,
				CD92FC3A1C570C8400366641 /* Resources */,
				74A5F35CCAC2B7992736D9DC /* Embed Pods Frameworks */,
				A14A5F00C05434730D386F7A /* Copy Pods Resources */,
			);
			buildRules = (
			);
			dependencies = (
			);
			name = MovieViewer;
			productName = MovieViewer;
			productReference = CD92FC3C1C570C8400366641 /* MovieViewer.app */;
			productType = "com.apple.product-type.application";
		};
/* End PBXNativeTarget section */

/* Begin PBXProject section */
		CD92FC341C570C8400366641 /* Project object */ = {
			isa = PBXProject;
			attributes = {
				LastSwiftUpdateCheck = 0720;
				LastUpgradeCheck = 0720;
				ORGANIZATIONNAME = "Gary Ghayrat";
				TargetAttributes = {
					CD92FC3B1C570C8400366641 = {
						CreatedOnToolsVersion = 7.2;
						DevelopmentTeam = ZMEW8LE23V;
					};
				};
			};
			buildConfigurationList = CD92FC371C570C8400366641 /* Build configuration list for PBXProject "MovieViewer" */;
			compatibilityVersion = "Xcode 3.2";
			developmentRegion = English;
			hasScannedForEncodings = 0;
			knownRegions = (
				en,
				Base,
			);
			mainGroup = CD92FC331C570C8400366641;
			productRefGroup = CD92FC3D1C570C8400366641 /* Products */;
			projectDirPath = "";
			projectRoot = "";
			targets = (
				CD92FC3B1C570C8400366641 /* MovieViewer */,
			);
		};
/* End PBXProject section */

/* Begin PBXResourcesBuildPhase section */
		CD92FC3A1C570C8400366641 /* Resources */ = {
			isa = PBXResourcesBuildPhase;
			buildActionMask = 2147483647;
			files = (
				CD92FC4A1C570C8400366641 /* LaunchScreen.storyboard in Resources */,
				CD92FC471C570C8400366641 /* Assets.xcassets in Resources */,
				CD92FC451C570C8400366641 /* Main.storyboard in Resources */,
			);
			runOnlyForDeploymentPostprocessing = 0;
		};
/* End PBXResourcesBuildPhase section */

/* Begin PBXShellScriptBuildPhase section */
		3AFFF5534CC864EF2D3986BB /* Check Pods Manifest.lock */ = {
			isa = PBXShellScriptBuildPhase;
			buildActionMask = 2147483647;
			files = (
			);
			inputPaths = (
			);
			name = "Check Pods Manifest.lock";
			outputPaths = (
			);
			runOnlyForDeploymentPostprocessing = 0;
			shellPath = /bin/sh;
			shellScript = "diff \"${PODS_ROOT}/../Podfile.lock\" \"${PODS_ROOT}/Manifest.lock\" > /dev/null\nif [[ $? != 0 ]] ; then\n    cat << EOM\nerror: The sandbox is not in sync with the Podfile.lock. Run 'pod install' or update your CocoaPods installation.\nEOM\n    exit 1\nfi\n";
			showEnvVarsInLog = 0;
		};
		74A5F35CCAC2B7992736D9DC /* Embed Pods Frameworks */ = {
			isa = PBXShellScriptBuildPhase;
			buildActionMask = 2147483647;
			files = (
			);
			inputPaths = (
			);
			name = "Embed Pods Frameworks";
			outputPaths = (
			);
			runOnlyForDeploymentPostprocessing = 0;
			shellPath = /bin/sh;
			shellScript = "\"${SRCROOT}/Pods/Target Support Files/Pods-MovieViewer/Pods-MovieViewer-frameworks.sh\"\n";
			showEnvVarsInLog = 0;
		};
		A14A5F00C05434730D386F7A /* Copy Pods Resources */ = {
			isa = PBXShellScriptBuildPhase;
			buildActionMask = 2147483647;
			files = (
			);
			inputPaths = (
			);
			name = "Copy Pods Resources";
			outputPaths = (
			);
			runOnlyForDeploymentPostprocessing = 0;
			shellPath = /bin/sh;
			shellScript = "\"${SRCROOT}/Pods/Target Support Files/Pods-MovieViewer/Pods-MovieViewer-resources.sh\"\n";
			showEnvVarsInLog = 0;
		};
/* End PBXShellScriptBuildPhase section */

/* Begin PBXSourcesBuildPhase section */
		CD92FC381C570C8400366641 /* Sources */ = {
			isa = PBXSourcesBuildPhase;
			buildActionMask = 2147483647;
			files = (
				CD92FC401C570C8400366641 /* AppDelegate.swift in Sources */,
				CD92FC521C570CED00366641 /* MoviesViewController.swift in Sources */,
				CD3C48561C571234003F5E3E /* MovieCell.swift in Sources */,
				CD1B05CE1C6841C300DB798F /* DetailViewController.swift in Sources */,
			);
			runOnlyForDeploymentPostprocessing = 0;
		};
/* End PBXSourcesBuildPhase section */

/* Begin PBXVariantGroup section */
		CD92FC431C570C8400366641 /* Main.storyboard */ = {
			isa = PBXVariantGroup;
			children = (
				CD92FC441C570C8400366641 /* Base */,
			);
			name = Main.storyboard;
			sourceTree = "<group>";
		};
		CD92FC481C570C8400366641 /* LaunchScreen.storyboard */ = {
			isa = PBXVariantGroup;
			children = (
				CD92FC491C570C8400366641 /* Base */,
			);
			name = LaunchScreen.storyboard;
			sourceTree = "<group>";
		};
/* End PBXVariantGroup section */

/* Begin XCBuildConfiguration section */
		CD92FC4C1C570C8400366641 /* Debug */ = {
			isa = XCBuildConfiguration;
			buildSettings = {
				ALWAYS_SEARCH_USER_PATHS = NO;
				CLANG_CXX_LANGUAGE_STANDARD = "gnu++0x";
				CLANG_CXX_LIBRARY = "libc++";
				CLANG_ENABLE_MODULES = YES;
				CLANG_ENABLE_OBJC_ARC = YES;
				CLANG_WARN_BOOL_CONVERSION = YES;
				CLANG_WARN_CONSTANT_CONVERSION = YES;
				CLANG_WARN_DIRECT_OBJC_ISA_USAGE = YES_ERROR;
				CLANG_WARN_EMPTY_BODY = YES;
				CLANG_WARN_ENUM_CONVERSION = YES;
				CLANG_WARN_INT_CONVERSION = YES;
				CLANG_WARN_OBJC_ROOT_CLASS = YES_ERROR;
				CLANG_WARN_UNREACHABLE_CODE = YES;
				CLANG_WARN__DUPLICATE_METHOD_MATCH = YES;
				"CODE_SIGN_IDENTITY[sdk=iphoneos*]" = "iPhone Developer";
				COPY_PHASE_STRIP = NO;
				DEBUG_INFORMATION_FORMAT = dwarf;
				ENABLE_STRICT_OBJC_MSGSEND = YES;
				ENABLE_TESTABILITY = YES;
				GCC_C_LANGUAGE_STANDARD = gnu99;
				GCC_DYNAMIC_NO_PIC = NO;
				GCC_NO_COMMON_BLOCKS = YES;
				GCC_OPTIMIZATION_LEVEL = 0;
				GCC_PREPROCESSOR_DEFINITIONS = (
					"DEBUG=1",
					"$(inherited)",
				);
				GCC_WARN_64_TO_32_BIT_CONVERSION = YES;
				GCC_WARN_ABOUT_RETURN_TYPE = YES_ERROR;
				GCC_WARN_UNDECLARED_SELECTOR = YES;
				GCC_WARN_UNINITIALIZED_AUTOS = YES_AGGRESSIVE;
				GCC_WARN_UNUSED_FUNCTION = YES;
				GCC_WARN_UNUSED_VARIABLE = YES;
				IPHONEOS_DEPLOYMENT_TARGET = 9.2;
				MTL_ENABLE_DEBUG_INFO = YES;
				ONLY_ACTIVE_ARCH = YES;
				SDKROOT = iphoneos;
				SWIFT_OPTIMIZATION_LEVEL = "-Onone";
				TARGETED_DEVICE_FAMILY = "1,2";
			};
			name = Debug;
		};
		CD92FC4D1C570C8400366641 /* Release */ = {
			isa = XCBuildConfiguration;
			buildSettings = {
				ALWAYS_SEARCH_USER_PATHS = NO;
				CLANG_CXX_LANGUAGE_STANDARD = "gnu++0x";
				CLANG_CXX_LIBRARY = "libc++";
				CLANG_ENABLE_MODULES = YES;
				CLANG_ENABLE_OBJC_ARC = YES;
				CLANG_WARN_BOOL_CONVERSION = YES;
				CLANG_WARN_CONSTANT_CONVERSION = YES;
				CLANG_WARN_DIRECT_OBJC_ISA_USAGE = YES_ERROR;
				CLANG_WARN_EMPTY_BODY = YES;
				CLANG_WARN_ENUM_CONVERSION = YES;
				CLANG_WARN_INT_CONVERSION = YES;
				CLANG_WARN_OBJC_ROOT_CLASS = YES_ERROR;
				CLANG_WARN_UNREACHABLE_CODE = YES;
				CLANG_WARN__DUPLICATE_METHOD_MATCH = YES;
				"CODE_SIGN_IDENTITY[sdk=iphoneos*]" = "iPhone Developer";
				COPY_PHASE_STRIP = NO;
				DEBUG_INFORMATION_FORMAT = "dwarf-with-dsym";
				ENABLE_NS_ASSERTIONS = NO;
				ENABLE_STRICT_OBJC_MSGSEND = YES;
				GCC_C_LANGUAGE_STANDARD = gnu99;
				GCC_NO_COMMON_BLOCKS = YES;
				GCC_WARN_64_TO_32_BIT_CONVERSION = YES;
				GCC_WARN_ABOUT_RETURN_TYPE = YES_ERROR;
				GCC_WARN_UNDECLARED_SELECTOR = YES;
				GCC_WARN_UNINITIALIZED_AUTOS = YES_AGGRESSIVE;
				GCC_WARN_UNUSED_FUNCTION = YES;
				GCC_WARN_UNUSED_VARIABLE = YES;
				IPHONEOS_DEPLOYMENT_TARGET = 9.2;
				MTL_ENABLE_DEBUG_INFO = NO;
				SDKROOT = iphoneos;
				TARGETED_DEVICE_FAMILY = "1,2";
				VALIDATE_PRODUCT = YES;
			};
			name = Release;
		};
		CD92FC4F1C570C8400366641 /* Debug */ = {
			isa = XCBuildConfiguration;
			baseConfigurationReference = 025FF3A20D0206C4A7EF0F4B /* Pods-MovieViewer.debug.xcconfig */;
			buildSettings = {
				ASSETCATALOG_COMPILER_APPICON_NAME = AppIcon;
				CLANG_ENABLE_MODULES = YES;
				INFOPLIST_FILE = MovieViewer/Info.plist;
				LD_RUNPATH_SEARCH_PATHS = "$(inherited) @executable_path/Frameworks";
				PRODUCT_BUNDLE_IDENTIFIER = "Gary-Ghayrat.MovieViewer";
				PRODUCT_NAME = "$(TARGET_NAME)";
				SWIFT_OPTIMIZATION_LEVEL = "-Onone";
			};
			name = Debug;
		};
		CD92FC501C570C8400366641 /* Release */ = {
			isa = XCBuildConfiguration;
			baseConfigurationReference = CDA397A75F46F87A52308786 /* Pods-MovieViewer.release.xcconfig */;
			buildSettings = {
				ASSETCATALOG_COMPILER_APPICON_NAME = AppIcon;
				CLANG_ENABLE_MODULES = YES;
				INFOPLIST_FILE = MovieViewer/Info.plist;
				LD_RUNPATH_SEARCH_PATHS = "$(inherited) @executable_path/Frameworks";
				PRODUCT_BUNDLE_IDENTIFIER = "Gary-Ghayrat.MovieViewer";
				PRODUCT_NAME = "$(TARGET_NAME)";
			};
			name = Release;
		};
/* End XCBuildConfiguration section */

/* Begin XCConfigurationList section */
		CD92FC371C570C8400366641 /* Build configuration list for PBXProject "MovieViewer" */ = {
			isa = XCConfigurationList;
			buildConfigurations = (
				CD92FC4C1C570C8400366641 /* Debug */,
				CD92FC4D1C570C8400366641 /* Release */,
			);
			defaultConfigurationIsVisible = 0;
			defaultConfigurationName = Release;
		};
		CD92FC4E1C570C8400366641 /* Build configuration list for PBXNativeTarget "MovieViewer" */ = {
			isa = XCConfigurationList;
			buildConfigurations = (
				CD92FC4F1C570C8400366641 /* Debug */,
				CD92FC501C570C8400366641 /* Release */,
			);
			defaultConfigurationIsVisible = 0;
			defaultConfigurationName = Release;
		};
/* End XCConfigurationList section */
	};
	rootObject = CD92FC341C570C8400366641 /* Project object */;
}
